// !$*UTF8*$!
{
	archiveVersion = 1;
	classes = {
	};
	objectVersion = 50;
	objects = {

/* Begin PBXFileReference section */
		D53E2D4B24CC407A00185367 /* jokes.html */ = {isa = PBXFileReference; lastKnownFileType = text.html; name = jokes.html; path = ../jokes.html; sourceTree = "<group>"; };
		D53E2D4D24CC407A00185367 /* index.html */ = {isa = PBXFileReference; lastKnownFileType = text.html; name = index.html; path = ../index.html; sourceTree = "<group>"; };
		D53E2D4E24CC407A00185367 /* stories */ = {isa = PBXFileReference; lastKnownFileType = folder; name = stories; path = ../stories; sourceTree = "<group>"; };
		D53E2D4F24CC407A00185367 /* lego.html */ = {isa = PBXFileReference; lastKnownFileType = text.html; name = lego.html; path = ../lego.html; sourceTree = "<group>"; };
		D53E2D5024CC407A00185367 /* craftwork.html */ = {isa = PBXFileReference; lastKnownFileType = text.html; name = craftwork.html; path = ../craftwork.html; sourceTree = "<group>"; };
		D53E2D5124CC407A00185367 /* images */ = {isa = PBXFileReference; lastKnownFileType = folder; name = images; path = ../images; sourceTree = "<group>"; };
		D53E2D5224CC407A00185367 /* tfl.html */ = {isa = PBXFileReference; lastKnownFileType = text.html; name = tfl.html; path = ../tfl.html; sourceTree = "<group>"; };
		D53E2D5324CC407A00185367 /* stories.html */ = {isa = PBXFileReference; lastKnownFileType = text.html; name = stories.html; path = ../stories.html; sourceTree = "<group>"; };
		D53E2D5424CC407A00185367 /* travelogues.html */ = {isa = PBXFileReference; lastKnownFileType = text.html; name = travelogues.html; path = ../travelogues.html; sourceTree = "<group>"; };
		D53E2D5624CCBB2C00185367 /* books.html */ = {isa = PBXFileReference; lastKnownFileType = text.html; name = books.html; path = ../books.html; sourceTree = "<group>"; };
/* End PBXFileReference section */

/* Begin PBXGroup section */
		D5107A9324CC403500703BBD = {
			isa = PBXGroup;
			children = (
				D53E2D4D24CC407A00185367 /* index.html */,
				D53E2D5224CC407A00185367 /* tfl.html */,
				D53E2D4F24CC407A00185367 /* lego.html */,
				D53E2D5324CC407A00185367 /* stories.html */,
				D53E2D4E24CC407A00185367 /* stories */,
				D53E2D5024CC407A00185367 /* craftwork.html */,
				D53E2D4B24CC407A00185367 /* jokes.html */,
				D53E2D5424CC407A00185367 /* travelogues.html */,
				D53E2D5624CCBB2C00185367 /* books.html */,
				D53E2D5124CC407A00185367 /* images */,
			);
			sourceTree = "<group>";
		};
/* End PBXGroup section */

/* Begin PBXProject section */
		D5107A9424CC403500703BBD /* Project object */ = {
			isa = PBXProject;
			attributes = {
				LastUpgradeCheck = 1160;
			};
			buildConfigurationList = D5107A9724CC403500703BBD /* Build configuration list for PBXProject "gitsite" */;
			compatibilityVersion = "Xcode 9.3";
			developmentRegion = en;
			hasScannedForEncodings = 0;
			knownRegions = (
				en,
				Base,
			);
			mainGroup = D5107A9324CC403500703BBD;
			projectDirPath = "";
			projectRoot = "";
			targets = (
			);
		};
/* End PBXProject section */

/* Begin XCBuildConfiguration section */
		D5107A9824CC403500703BBD /* Debug */ = {
			isa = XCBuildConfiguration;
			buildSettings = {
			};
			name = Debug;
		};
		D5107A9924CC403500703BBD /* Release */ = {
			isa = XCBuildConfiguration;
			buildSettings = {
			};
			name = Release;
		};
/* End XCBuildConfiguration section */

/* Begin XCConfigurationList section */
		D5107A9724CC403500703BBD /* Build configuration list for PBXProject "gitsite" */ = {
			isa = XCConfigurationList;
			buildConfigurations = (
				D5107A9824CC403500703BBD /* Debug */,
				D5107A9924CC403500703BBD /* Release */,
			);
			defaultConfigurationIsVisible = 0;
			defaultConfigurationName = Release;
		};
/* End XCConfigurationList section */
	};
	rootObject = D5107A9424CC403500703BBD /* Project object */;
}
